
Microsoft Visual Studio Solution File, Format Version 12.00
# Visual Studio 15
VisualStudioVersion = 15.0.26228.9
MinimumVisualStudioVersion = 10.0.40219.1
Project("{FAE04EC0-301F-11D3-BF4B-00C04F79EFBC}") = "MvcMovie", "MvcMovie\MvcMovie.csproj", "{1E33C0EF-3C99-46E2-9C48-A65548B6A75D}"
EndProject
Project("{FAE04EC0-301F-11D3-BF4B-00C04F79EFBC}") = "Test", "Test\Test.csproj", "{45960B8B-6977-4776-8E3E-DBD43B9BA93C}"
EndProject
Global
	GlobalSection(SolutionConfigurationPlatforms) = preSolution
		Debug|Any CPU = Debug|Any CPU
		Release|Any CPU = Release|Any CPU
	EndGlobalSection
	GlobalSection(ProjectConfigurationPlatforms) = postSolution
		{1E33C0EF-3C99-46E2-9C48-A65548B6A75D}.Debug|Any CPU.ActiveCfg = Debug|Any CPU
		{1E33C0EF-3C99-46E2-9C48-A65548B6A75D}.Debug|Any CPU.Build.0 = Debug|Any CPU
		{1E33C0EF-3C99-46E2-9C48-A65548B6A75D}.Release|Any CPU.ActiveCfg = Release|Any CPU
		{1E33C0EF-3C99-46E2-9C48-A65548B6A75D}.Release|Any CPU.Build.0 = Release|Any CPU
		{45960B8B-6977-4776-8E3E-DBD43B9BA93C}.Debug|Any CPU.ActiveCfg = Debug|Any CPU
		{45960B8B-6977-4776-8E3E-DBD43B9BA93C}.Debug|Any CPU.Build.0 = Debug|Any CPU
		{45960B8B-6977-4776-8E3E-DBD43B9BA93C}.Release|Any CPU.ActiveCfg = Release|Any CPU
		{45960B8B-6977-4776-8E3E-DBD43B9BA93C}.Release|Any CPU.Build.0 = Release|Any CPU
	EndGlobalSection
	GlobalSection(SolutionProperties) = preSolution
		HideSolutionNode = FALSE
	EndGlobalSection
EndGlobal
