
Microsoft Visual Studio Solution File, Format Version 12.00
# Visual Studio 15
VisualStudioVersion = 15.0.26228.13
MinimumVisualStudioVersion = 10.0.40219.1
Project("{DA7A21FA-8162-4350-AD77-A8D1B671F3ED}") = "Starter", "Starter\Starter.rxproj", "{8F371CA3-E5AA-40D9-8E42-D962D271071F}"
EndProject
Project("{DA7A21FA-8162-4350-AD77-A8D1B671F3ED}") = "Solution", "Solution\Solution.rxproj", "{B518B26C-A1CF-42CE-9FE5-54C0B67D6898}"
EndProject
Global
	GlobalSection(SolutionConfigurationPlatforms) = preSolution
		Debug|Any CPU = Debug|Any CPU
		Release|Any CPU = Release|Any CPU
	EndGlobalSection
	GlobalSection(ProjectConfigurationPlatforms) = postSolution
		{8F371CA3-E5AA-40D9-8E42-D962D271071F}.Debug|Any CPU.ActiveCfg = Debug|Any CPU
		{8F371CA3-E5AA-40D9-8E42-D962D271071F}.Debug|Any CPU.Build.0 = Debug|Any CPU
		{8F371CA3-E5AA-40D9-8E42-D962D271071F}.Release|Any CPU.ActiveCfg = Release|Any CPU
		{8F371CA3-E5AA-40D9-8E42-D962D271071F}.Release|Any CPU.Build.0 = Release|Any CPU
		{B518B26C-A1CF-42CE-9FE5-54C0B67D6898}.Debug|Any CPU.ActiveCfg = Debug|Any CPU
		{B518B26C-A1CF-42CE-9FE5-54C0B67D6898}.Debug|Any CPU.Build.0 = Debug|Any CPU
		{B518B26C-A1CF-42CE-9FE5-54C0B67D6898}.Release|Any CPU.ActiveCfg = Release|Any CPU
		{B518B26C-A1CF-42CE-9FE5-54C0B67D6898}.Release|Any CPU.Build.0 = Release|Any CPU
	EndGlobalSection
	GlobalSection(SolutionProperties) = preSolution
		HideSolutionNode = FALSE
	EndGlobalSection
EndGlobal
